// !$*UTF8*$!
{
	archiveVersion = 1;
	classes = {
	};
	objectVersion = 46;
	objects = {

/* Begin PBXBuildFile section */
		CA636DAE1C19936600A56141 /* main.cpp in Sources */ = {isa = PBXBuildFile; fileRef = CA636DAD1C19936600A56141 /* main.cpp */; };
		CA636DB61C19940400A56141 /* SyntacticTreeGenerator.cpp in Sources */ = {isa = PBXBuildFile; fileRef = CA636DB41C19940400A56141 /* SyntacticTreeGenerator.cpp */; settings = {ASSET_TAGS = (); }; };
		CA636DB91C1994B100A56141 /* SyntacticTree.cpp in Sources */ = {isa = PBXBuildFile; fileRef = CA636DB71C1994B100A56141 /* SyntacticTree.cpp */; settings = {ASSET_TAGS = (); }; };
		CA636DD01C19D14500A56141 /* Decoder.cpp in Sources */ = {isa = PBXBuildFile; fileRef = CA636DCC1C19D14500A56141 /* Decoder.cpp */; settings = {ASSET_TAGS = (); }; };
		CA636DD11C19D14500A56141 /* SyntacticNode.cpp in Sources */ = {isa = PBXBuildFile; fileRef = CA636DCE1C19D14500A56141 /* SyntacticNode.cpp */; settings = {ASSET_TAGS = (); }; };
/* End PBXBuildFile section */

/* Begin PBXCopyFilesBuildPhase section */
		CA636DA81C19936600A56141 /* CopyFiles */ = {
			isa = PBXCopyFilesBuildPhase;
			buildActionMask = 2147483647;
			dstPath = /usr/share/man/man1/;
			dstSubfolderSpec = 0;
			files = (
			);
			runOnlyForDeploymentPostprocessing = 1;
		};
/* End PBXCopyFilesBuildPhase section */

/* Begin PBXFileReference section */
		CA636DAA1C19936600A56141 /* SyntacticTree */ = {isa = PBXFileReference; explicitFileType = "compiled.mach-o.executable"; includeInIndex = 0; path = SyntacticTree; sourceTree = BUILT_PRODUCTS_DIR; };
		CA636DAD1C19936600A56141 /* main.cpp */ = {isa = PBXFileReference; lastKnownFileType = sourcecode.cpp.cpp; path = main.cpp; sourceTree = "<group>"; };
		CA636DB41C19940400A56141 /* SyntacticTreeGenerator.cpp */ = {isa = PBXFileReference; fileEncoding = 4; lastKnownFileType = sourcecode.cpp.cpp; path = SyntacticTreeGenerator.cpp; sourceTree = "<group>"; };
		CA636DB51C19940400A56141 /* SyntacticTreeGenerator.hpp */ = {isa = PBXFileReference; fileEncoding = 4; lastKnownFileType = sourcecode.cpp.h; path = SyntacticTreeGenerator.hpp; sourceTree = "<group>"; };
		CA636DB71C1994B100A56141 /* SyntacticTree.cpp */ = {isa = PBXFileReference; fileEncoding = 4; lastKnownFileType = sourcecode.cpp.cpp; path = SyntacticTree.cpp; sourceTree = "<group>"; };
		CA636DB81C1994B100A56141 /* SyntacticTree.hpp */ = {isa = PBXFileReference; fileEncoding = 4; lastKnownFileType = sourcecode.cpp.h; path = SyntacticTree.hpp; sourceTree = "<group>"; };
		CA636DCC1C19D14500A56141 /* Decoder.cpp */ = {isa = PBXFileReference; fileEncoding = 4; lastKnownFileType = sourcecode.cpp.cpp; path = Decoder.cpp; sourceTree = "<group>"; };
		CA636DCD1C19D14500A56141 /* Decoder.hpp */ = {isa = PBXFileReference; fileEncoding = 4; lastKnownFileType = sourcecode.cpp.h; path = Decoder.hpp; sourceTree = "<group>"; };
		CA636DCE1C19D14500A56141 /* SyntacticNode.cpp */ = {isa = PBXFileReference; fileEncoding = 4; lastKnownFileType = sourcecode.cpp.cpp; path = SyntacticNode.cpp; sourceTree = "<group>"; };
		CA636DCF1C19D14500A56141 /* SyntacticNode.hpp */ = {isa = PBXFileReference; fileEncoding = 4; lastKnownFileType = sourcecode.cpp.h; path = SyntacticNode.hpp; sourceTree = "<group>"; };
/* End PBXFileReference section */

/* Begin PBXFrameworksBuildPhase section */
		CA636DA71C19936600A56141 /* Frameworks */ = {
			isa = PBXFrameworksBuildPhase;
			buildActionMask = 2147483647;
			files = (
			);
			runOnlyForDeploymentPostprocessing = 0;
		};
/* End PBXFrameworksBuildPhase section */

/* Begin PBXGroup section */
		CA636DA11C19936600A56141 = {
			isa = PBXGroup;
			children = (
				CA636DAC1C19936600A56141 /* SyntacticTree */,
				CA636DAB1C19936600A56141 /* Products */,
			);
			sourceTree = "<group>";
		};
		CA636DAB1C19936600A56141 /* Products */ = {
			isa = PBXGroup;
			children = (
				CA636DAA1C19936600A56141 /* SyntacticTree */,
			);
			name = Products;
			sourceTree = "<group>";
		};
		CA636DAC1C19936600A56141 /* SyntacticTree */ = {
			isa = PBXGroup;
			children = (
				CA636DAD1C19936600A56141 /* main.cpp */,
				CA636DB41C19940400A56141 /* SyntacticTreeGenerator.cpp */,
				CA636DB51C19940400A56141 /* SyntacticTreeGenerator.hpp */,
				CA636DB71C1994B100A56141 /* SyntacticTree.cpp */,
				CA636DB81C1994B100A56141 /* SyntacticTree.hpp */,
				CA636DCE1C19D14500A56141 /* SyntacticNode.cpp */,
				CA636DCF1C19D14500A56141 /* SyntacticNode.hpp */,
				CA636DCC1C19D14500A56141 /* Decoder.cpp */,
				CA636DCD1C19D14500A56141 /* Decoder.hpp */,
			);
			path = SyntacticTree;
			sourceTree = "<group>";
		};
/* End PBXGroup section */

/* Begin PBXNativeTarget section */
		CA636DA91C19936600A56141 /* SyntacticTree */ = {
			isa = PBXNativeTarget;
			buildConfigurationList = CA636DB11C19936600A56141 /* Build configuration list for PBXNativeTarget "SyntacticTree" */;
			buildPhases = (
				CA636DA61C19936600A56141 /* Sources */,
				CA636DA71C19936600A56141 /* Frameworks */,
				CA636DA81C19936600A56141 /* CopyFiles */,
			);
			buildRules = (
			);
			dependencies = (
			);
			name = SyntacticTree;
			productName = SyntacticTree;
			productReference = CA636DAA1C19936600A56141 /* SyntacticTree */;
			productType = "com.apple.product-type.tool";
		};
/* End PBXNativeTarget section */

/* Begin PBXProject section */
		CA636DA21C19936600A56141 /* Project object */ = {
			isa = PBXProject;
			attributes = {
				LastUpgradeCheck = 0700;
				ORGANIZATIONNAME = "Sijoon Kim";
				TargetAttributes = {
					CA636DA91C19936600A56141 = {
						CreatedOnToolsVersion = 7.0.1;
					};
				};
			};
			buildConfigurationList = CA636DA51C19936600A56141 /* Build configuration list for PBXProject "SyntacticTree" */;
			compatibilityVersion = "Xcode 3.2";
			developmentRegion = English;
			hasScannedForEncodings = 0;
			knownRegions = (
				en,
			);
			mainGroup = CA636DA11C19936600A56141;
			productRefGroup = CA636DAB1C19936600A56141 /* Products */;
			projectDirPath = "";
			projectRoot = "";
			targets = (
				CA636DA91C19936600A56141 /* SyntacticTree */,
			);
		};
/* End PBXProject section */

/* Begin PBXSourcesBuildPhase section */
		CA636DA61C19936600A56141 /* Sources */ = {
			isa = PBXSourcesBuildPhase;
			buildActionMask = 2147483647;
			files = (
				CA636DB91C1994B100A56141 /* SyntacticTree.cpp in Sources */,
				CA636DB61C19940400A56141 /* SyntacticTreeGenerator.cpp in Sources */,
				CA636DD01C19D14500A56141 /* Decoder.cpp in Sources */,
				CA636DAE1C19936600A56141 /* main.cpp in Sources */,
				CA636DD11C19D14500A56141 /* SyntacticNode.cpp in Sources */,
			);
			runOnlyForDeploymentPostprocessing = 0;
		};
/* End PBXSourcesBuildPhase section */

/* Begin XCBuildConfiguration section */
		CA636DAF1C19936600A56141 /* Debug */ = {
			isa = XCBuildConfiguration;
			buildSettings = {
				ALWAYS_SEARCH_USER_PATHS = NO;
				CLANG_CXX_LANGUAGE_STANDARD = "gnu++0x";
				CLANG_CXX_LIBRARY = "libc++";
				CLANG_ENABLE_MODULES = YES;
				CLANG_ENABLE_OBJC_ARC = YES;
				CLANG_WARN_BOOL_CONVERSION = YES;
				CLANG_WARN_CONSTANT_CONVERSION = YES;
				CLANG_WARN_DIRECT_OBJC_ISA_USAGE = YES_ERROR;
				CLANG_WARN_EMPTY_BODY = YES;
				CLANG_WARN_ENUM_CONVERSION = YES;
				CLANG_WARN_INT_CONVERSION = YES;
				CLANG_WARN_OBJC_ROOT_CLASS = YES_ERROR;
				CLANG_WARN_UNREACHABLE_CODE = YES;
				CLANG_WARN__DUPLICATE_METHOD_MATCH = YES;
				COPY_PHASE_STRIP = NO;
				DEBUG_INFORMATION_FORMAT = dwarf;
				ENABLE_STRICT_OBJC_MSGSEND = YES;
				ENABLE_TESTABILITY = YES;
				GCC_C_LANGUAGE_STANDARD = gnu99;
				GCC_DYNAMIC_NO_PIC = NO;
				GCC_NO_COMMON_BLOCKS = YES;
				GCC_OPTIMIZATION_LEVEL = 0;
				GCC_PREPROCESSOR_DEFINITIONS = (
					"DEBUG=1",
					"$(inherited)",
				);
				GCC_WARN_64_TO_32_BIT_CONVERSION = YES;
				GCC_WARN_ABOUT_RETURN_TYPE = YES_ERROR;
				GCC_WARN_UNDECLARED_SELECTOR = YES;
				GCC_WARN_UNINITIALIZED_AUTOS = YES_AGGRESSIVE;
				GCC_WARN_UNUSED_FUNCTION = YES;
				GCC_WARN_UNUSED_VARIABLE = YES;
				MACOSX_DEPLOYMENT_TARGET = 10.11;
				MTL_ENABLE_DEBUG_INFO = YES;
				ONLY_ACTIVE_ARCH = YES;
				SDKROOT = macosx;
			};
			name = Debug;
		};
		CA636DB01C19936600A56141 /* Release */ = {
			isa = XCBuildConfiguration;
			buildSettings = {
				ALWAYS_SEARCH_USER_PATHS = NO;
				CLANG_CXX_LANGUAGE_STANDARD = "gnu++0x";
				CLANG_CXX_LIBRARY = "libc++";
				CLANG_ENABLE_MODULES = YES;
				CLANG_ENABLE_OBJC_ARC = YES;
				CLANG_WARN_BOOL_CONVERSION = YES;
				CLANG_WARN_CONSTANT_CONVERSION = YES;
				CLANG_WARN_DIRECT_OBJC_ISA_USAGE = YES_ERROR;
				CLANG_WARN_EMPTY_BODY = YES;
				CLANG_WARN_ENUM_CONVERSION = YES;
				CLANG_WARN_INT_CONVERSION = YES;
				CLANG_WARN_OBJC_ROOT_CLASS = YES_ERROR;
				CLANG_WARN_UNREACHABLE_CODE = YES;
				CLANG_WARN__DUPLICATE_METHOD_MATCH = YES;
				COPY_PHASE_STRIP = NO;
				DEBUG_INFORMATION_FORMAT = "dwarf-with-dsym";
				ENABLE_NS_ASSERTIONS = NO;
				ENABLE_STRICT_OBJC_MSGSEND = YES;
				GCC_C_LANGUAGE_STANDARD = gnu99;
				GCC_NO_COMMON_BLOCKS = YES;
				GCC_WARN_64_TO_32_BIT_CONVERSION = YES;
				GCC_WARN_ABOUT_RETURN_TYPE = YES_ERROR;
				GCC_WARN_UNDECLARED_SELECTOR = YES;
				GCC_WARN_UNINITIALIZED_AUTOS = YES_AGGRESSIVE;
				GCC_WARN_UNUSED_FUNCTION = YES;
				GCC_WARN_UNUSED_VARIABLE = YES;
				MACOSX_DEPLOYMENT_TARGET = 10.11;
				MTL_ENABLE_DEBUG_INFO = NO;
				SDKROOT = macosx;
			};
			name = Release;
		};
		CA636DB21C19936600A56141 /* Debug */ = {
			isa = XCBuildConfiguration;
			buildSettings = {
				PRODUCT_NAME = "$(TARGET_NAME)";
			};
			name = Debug;
		};
		CA636DB31C19936600A56141 /* Release */ = {
			isa = XCBuildConfiguration;
			buildSettings = {
				PRODUCT_NAME = "$(TARGET_NAME)";
			};
			name = Release;
		};
/* End XCBuildConfiguration section */

/* Begin XCConfigurationList section */
		CA636DA51C19936600A56141 /* Build configuration list for PBXProject "SyntacticTree" */ = {
			isa = XCConfigurationList;
			buildConfigurations = (
				CA636DAF1C19936600A56141 /* Debug */,
				CA636DB01C19936600A56141 /* Release */,
			);
			defaultConfigurationIsVisible = 0;
			defaultConfigurationName = Release;
		};
		CA636DB11C19936600A56141 /* Build configuration list for PBXNativeTarget "SyntacticTree" */ = {
			isa = XCConfigurationList;
			buildConfigurations = (
				CA636DB21C19936600A56141 /* Debug */,
				CA636DB31C19936600A56141 /* Release */,
			);
			defaultConfigurationIsVisible = 0;
			defaultConfigurationName = Release;
		};
/* End XCConfigurationList section */
	};
	rootObject = CA636DA21C19936600A56141 /* Project object */;
}
